
Microsoft Visual Studio Solution File, Format Version 12.00
# Visual Studio Version 16
VisualStudioVersion = 16.0.30114.105
MinimumVisualStudioVersion = 10.0.40219.1
Project("{FAE04EC0-301F-11D3-BF4B-00C04F79EFBC}") = "SystemManager", "SystemManager\SystemManager.csproj", "{D75D2B81-7561-4B22-B5F6-95E12D7CAB0A}"
EndProject
Project("{9A19103F-16F7-4668-BE54-9A1E7A4F7556}") = "PluginInterface", "PluginInterface\PluginInterface.csproj", "{974BF6EC-1FEE-4AA0-87B8-F5012867E075}"
EndProject
Project("{FAE04EC0-301F-11D3-BF4B-00C04F79EFBC}") = "ServicePlugin", "ServicePlugin\ServicePlugin.csproj", "{E322B36F-44CD-4443-A537-80D4D2AC8269}"
EndProject
Project("{9A19103F-16F7-4668-BE54-9A1E7A4F7556}") = "ProcessPlugin", "ProcessPlugin\ProcessPlugin.csproj", "{D9DF7DD3-D35A-4426-AF17-68E5D5FC0123}"
EndProject
Project("{FAE04EC0-301F-11D3-BF4B-00C04F79EFBC}") = "FileSystemPlugin", "FileSystemPlugin\FileSystemPlugin.csproj", "{63F626B7-9363-4CDA-9B13-0B877591CE0C}"
EndProject
Project("{FAE04EC0-301F-11D3-BF4B-00C04F79EFBC}") = "Helper", "Helper\Helper.csproj", "{CC871E43-5214-4950-BC55-04F4BF240455}"
EndProject
Global
	GlobalSection(SolutionConfigurationPlatforms) = preSolution
		Debug|Any CPU = Debug|Any CPU
		Release|Any CPU = Release|Any CPU
	EndGlobalSection
	GlobalSection(ProjectConfigurationPlatforms) = postSolution
		{D75D2B81-7561-4B22-B5F6-95E12D7CAB0A}.Debug|Any CPU.ActiveCfg = Debug|Any CPU
		{D75D2B81-7561-4B22-B5F6-95E12D7CAB0A}.Debug|Any CPU.Build.0 = Debug|Any CPU
		{D75D2B81-7561-4B22-B5F6-95E12D7CAB0A}.Release|Any CPU.ActiveCfg = Release|Any CPU
		{D75D2B81-7561-4B22-B5F6-95E12D7CAB0A}.Release|Any CPU.Build.0 = Release|Any CPU
		{974BF6EC-1FEE-4AA0-87B8-F5012867E075}.Debug|Any CPU.ActiveCfg = Debug|Any CPU
		{974BF6EC-1FEE-4AA0-87B8-F5012867E075}.Debug|Any CPU.Build.0 = Debug|Any CPU
		{974BF6EC-1FEE-4AA0-87B8-F5012867E075}.Release|Any CPU.ActiveCfg = Release|Any CPU
		{974BF6EC-1FEE-4AA0-87B8-F5012867E075}.Release|Any CPU.Build.0 = Release|Any CPU
		{E322B36F-44CD-4443-A537-80D4D2AC8269}.Debug|Any CPU.ActiveCfg = Debug|Any CPU
		{E322B36F-44CD-4443-A537-80D4D2AC8269}.Debug|Any CPU.Build.0 = Debug|Any CPU
		{E322B36F-44CD-4443-A537-80D4D2AC8269}.Release|Any CPU.ActiveCfg = Release|Any CPU
		{E322B36F-44CD-4443-A537-80D4D2AC8269}.Release|Any CPU.Build.0 = Release|Any CPU
		{D9DF7DD3-D35A-4426-AF17-68E5D5FC0123}.Debug|Any CPU.ActiveCfg = Debug|Any CPU
		{D9DF7DD3-D35A-4426-AF17-68E5D5FC0123}.Debug|Any CPU.Build.0 = Debug|Any CPU
		{D9DF7DD3-D35A-4426-AF17-68E5D5FC0123}.Release|Any CPU.ActiveCfg = Release|Any CPU
		{D9DF7DD3-D35A-4426-AF17-68E5D5FC0123}.Release|Any CPU.Build.0 = Release|Any CPU
		{63F626B7-9363-4CDA-9B13-0B877591CE0C}.Debug|Any CPU.ActiveCfg = Debug|Any CPU
		{63F626B7-9363-4CDA-9B13-0B877591CE0C}.Debug|Any CPU.Build.0 = Debug|Any CPU
		{63F626B7-9363-4CDA-9B13-0B877591CE0C}.Release|Any CPU.ActiveCfg = Release|Any CPU
		{63F626B7-9363-4CDA-9B13-0B877591CE0C}.Release|Any CPU.Build.0 = Release|Any CPU
		{CC871E43-5214-4950-BC55-04F4BF240455}.Debug|Any CPU.ActiveCfg = Debug|Any CPU
		{CC871E43-5214-4950-BC55-04F4BF240455}.Debug|Any CPU.Build.0 = Debug|Any CPU
		{CC871E43-5214-4950-BC55-04F4BF240455}.Release|Any CPU.ActiveCfg = Release|Any CPU
		{CC871E43-5214-4950-BC55-04F4BF240455}.Release|Any CPU.Build.0 = Release|Any CPU
	EndGlobalSection
	GlobalSection(SolutionProperties) = preSolution
		HideSolutionNode = FALSE
	EndGlobalSection
	GlobalSection(ExtensibilityGlobals) = postSolution
		SolutionGuid = {6751AE7E-8306-432D-A147-879C1912666D}
	EndGlobalSection
EndGlobal
